// !$*UTF8*$!
{
	archiveVersion = 1;
	classes = {
	};
	objectVersion = 77;
	objects = {

/* Begin PBXBuildFile section */
		B8E00000000000000000000B /* ForkarEcoWidgetExtension.appex in Embed Foundation Extensions */ = {isa = PBXBuildFile; fileRef = B8E00000000000000000000A /* ForkarEcoWidgetExtension.appex */; platformFilter = ios; settings = {ATTRIBUTES = (RemoveHeadersOnCopy, ); }; };
		B81B81F73060CE5C00D4464A /* FirebaseAI in Frameworks */ = {isa = PBXBuildFile; productRef = B81B81F63060CE5C00D4464A /* FirebaseAI */; };
		B81B81F93060CE5C00D4464A /* FirebaseAILogic in Frameworks */ = {isa = PBXBuildFile; productRef = B81B81F83060CE5C00D4464A /* FirebaseAILogic */; };
		B81B81FB3060CE5C00D4464A /* FirebaseAnalytics in Frameworks */ = {isa = PBXBuildFile; productRef = B81B81FA3060CE5C00D4464A /* FirebaseAnalytics */; };
		B81B81FD3060CE5C00D4464A /* FirebaseAnalyticsCore in Frameworks */ = {isa = PBXBuildFile; productRef = B81B81FC3060CE5C00D4464A /* FirebaseAnalyticsCore */; };
		B81B81FF3060CE5C00D4464A /* FirebaseAnalyticsIdentitySupport in Frameworks */ = {isa = PBXBuildFile; productRef = B81B81FE3060CE5C00D4464A /* FirebaseAnalyticsIdentitySupport */; };
		B81B82013060CE5C00D4464A /* FirebaseAppCheck in Frameworks */ = {isa = PBXBuildFile; productRef = B81B82003060CE5C00D4464A /* FirebaseAppCheck */; };
		B81B82033060CE5C00D4464A /* FirebaseAppDistribution-Beta in Frameworks */ = {isa = PBXBuildFile; productRef = B81B82023060CE5C00D4464A /* FirebaseAppDistribution-Beta */; };
		B81B82053060CE5C00D4464A /* FirebaseAuth in Frameworks */ = {isa = PBXBuildFile; productRef = B81B82043060CE5C00D4464A /* FirebaseAuth */; };
		B81B82073060CE5C00D4464A /* FirebaseAuthCombine-Community in Frameworks */ = {isa = PBXBuildFile; productRef = B81B82063060CE5C00D4464A /* FirebaseAuthCombine-Community */; };
		B81B82093060CE5C00D4464A /* FirebaseCore in Frameworks */ = {isa = PBXBuildFile; productRef = B81B82083060CE5C00D4464A /* FirebaseCore */; };
		B81B820B3060CE5C00D4464A /* FirebaseCrashlytics in Frameworks */ = {isa = PBXBuildFile; productRef = B81B820A3060CE5C00D4464A /* FirebaseCrashlytics */; };
		B81B820D3060CE5C00D4464A /* FirebaseDatabase in Frameworks */ = {isa = PBXBuildFile; productRef = B81B820C3060CE5C00D4464A /* FirebaseDatabase */; };
		B81B820F3060CE5C00D4464A /* FirebaseFirestore in Frameworks */ = {isa = PBXBuildFile; productRef = B81B820E3060CE5C00D4464A /* FirebaseFirestore */; };
		B81B82113060CE5C00D4464A /* FirebaseFirestoreCombine-Community in Frameworks */ = {isa = PBXBuildFile; productRef = B81B82103060CE5C00D4464A /* FirebaseFirestoreCombine-Community */; };
		B81B82133060CE5C00D4464A /* FirebaseFunctions in Frameworks */ = {isa = PBXBuildFile; productRef = B81B82123060CE5C00D4464A /* FirebaseFunctions */; };
		B81B82153060CE5C00D4464A /* FirebaseFunctionsCombine-Community in Frameworks */ = {isa = PBXBuildFile; productRef = B81B82143060CE5C00D4464A /* FirebaseFunctionsCombine-Community */; };
		B81B82173060CE5C00D4464A /* FirebaseInAppMessaging-Beta in Frameworks */ = {isa = PBXBuildFile; productRef = B81B82163060CE5C00D4464A /* FirebaseInAppMessaging-Beta */; };
		B81B82193060CE5C00D4464A /* FirebaseInstallations in Frameworks */ = {isa = PBXBuildFile; productRef = B81B82183060CE5C00D4464A /* FirebaseInstallations */; };
		B81B821B3060CE5C00D4464A /* FirebaseMLModelDownloader in Frameworks */ = {isa = PBXBuildFile; productRef = B81B821A3060CE5C00D4464A /* FirebaseMLModelDownloader */; };
		B81B821D3060CE5C00D4464A /* FirebaseMessaging in Frameworks */ = {isa = PBXBuildFile; productRef = B81B821C3060CE5C00D4464A /* FirebaseMessaging */; };
		B81B821F3060CE5C00D4464A /* FirebasePerformance in Frameworks */ = {isa = PBXBuildFile; productRef = B81B821E3060CE5C00D4464A /* FirebasePerformance */; };
		B81B82213060CE5C00D4464A /* FirebaseRemoteConfig in Frameworks */ = {isa = PBXBuildFile; productRef = B81B82203060CE5C00D4464A /* FirebaseRemoteConfig */; };
		B81B82233060CE5C00D4464A /* FirebaseStorage in Frameworks */ = {isa = PBXBuildFile; productRef = B81B82223060CE5C00D4464A /* FirebaseStorage */; };
		B81B82253060CE5C00D4464A /* FirebaseStorageCombine-Community in Frameworks */ = {isa = PBXBuildFile; productRef = B81B82243060CE5C00D4464A /* FirebaseStorageCombine-Community */; };
/* End PBXBuildFile section */

/* Begin PBXFileReference section */
		B8E00000000000000000000A /* ForkarEcoWidgetExtension.appex */ = {isa = PBXFileReference; explicitFileType = "wrapper.app-extension"; includeInIndex = 0; path = ForkarEcoWidgetExtension.appex; sourceTree = BUILT_PRODUCTS_DIR; };
		B805959A2FFF02310045B9C8 /* Forkar.app */ = {isa = PBXFileReference; explicitFileType = wrapper.application; includeInIndex = 0; path = Forkar.app; sourceTree = BUILT_PRODUCTS_DIR; };
/* End PBXFileReference section */

/* Begin PBXFileSystemSynchronizedBuildFileExceptionSet section */
		B8E000000000000000000009 /* Exceptions for "ForkarEcoWidgetExtension" folder in "ForkarEcoWidgetExtension" target */ = {
			isa = PBXFileSystemSynchronizedBuildFileExceptionSet;
			membershipExceptions = (
				Info.plist,
			);
			target = B8E000000000000000000001 /* ForkarEcoWidgetExtension */;
		};
		B80595BF2FFF0CBA0045B9C8 /* Exceptions for "Forkar" folder in "Forkar" target */ = {
			isa = PBXFileSystemSynchronizedBuildFileExceptionSet;
			membershipExceptions = (
				Info.plist,
			);
			target = B80595992FFF02310045B9C8 /* Forkar */;
		};
/* End PBXFileSystemSynchronizedBuildFileExceptionSet section */

/* Begin PBXFileSystemSynchronizedRootGroup section */
		B8E000000000000000000008 /* ForkarEcoWidgetExtension */ = {
			isa = PBXFileSystemSynchronizedRootGroup;
			exceptions = (
				B8E000000000000000000009 /* Exceptions for "ForkarEcoWidgetExtension" folder in "ForkarEcoWidgetExtension" target */,
			);
			path = ForkarEcoWidgetExtension;
			sourceTree = "<group>";
		};
		B805959C2FFF02310045B9C8 /* Forkar */ = {
			isa = PBXFileSystemSynchronizedRootGroup;
			exceptions = (
				B80595BF2FFF0CBA0045B9C8 /* Exceptions for "Forkar" folder in "Forkar" target */,
			);
			path = Forkar;
			sourceTree = "<group>";
		};
/* End PBXFileSystemSynchronizedRootGroup section */

/* Begin PBXFrameworksBuildPhase section */
		B8E000000000000000000006 /* Frameworks */ = {
			isa = PBXFrameworksBuildPhase;
			buildActionMask = 2147483647;
			files = (
			);
			runOnlyForDeploymentPostprocessing = 0;
		};
		B80595972FFF02310045B9C8 /* Frameworks */ = {
			isa = PBXFrameworksBuildPhase;
			buildActionMask = 2147483647;
			files = (
				B81B82033060CE5C00D4464A /* FirebaseAppDistribution-Beta in Frameworks */,
				B81B820F3060CE5C00D4464A /* FirebaseFirestore in Frameworks */,
				B81B82073060CE5C00D4464A /* FirebaseAuthCombine-Community in Frameworks */,
				B81B82193060CE5C00D4464A /* FirebaseInstallations in Frameworks */,
				B81B81F93060CE5C00D4464A /* FirebaseAILogic in Frameworks */,
				B81B81FF3060CE5C00D4464A /* FirebaseAnalyticsIdentitySupport in Frameworks */,
				B81B82173060CE5C00D4464A /* FirebaseInAppMessaging-Beta in Frameworks */,
				B81B81F73060CE5C00D4464A /* FirebaseAI in Frameworks */,
				B81B820B3060CE5C00D4464A /* FirebaseCrashlytics in Frameworks */,
				B81B82153060CE5C00D4464A /* FirebaseFunctionsCombine-Community in Frameworks */,
				B81B82253060CE5C00D4464A /* FirebaseStorageCombine-Community in Frameworks */,
				B81B820D3060CE5C00D4464A /* FirebaseDatabase in Frameworks */,
				B81B82233060CE5C00D4464A /* FirebaseStorage in Frameworks */,
				B81B82213060CE5C00D4464A /* FirebaseRemoteConfig in Frameworks */,
				B81B81FB3060CE5C00D4464A /* FirebaseAnalytics in Frameworks */,
				B81B821D3060CE5C00D4464A /* FirebaseMessaging in Frameworks */,
				B81B821B3060CE5C00D4464A /* FirebaseMLModelDownloader in Frameworks */,
				B81B821F3060CE5C00D4464A /* FirebasePerformance in Frameworks */,
				B81B82093060CE5C00D4464A /* FirebaseCore in Frameworks */,
				B81B82013060CE5C00D4464A /* FirebaseAppCheck in Frameworks */,
				B81B81FD3060CE5C00D4464A /* FirebaseAnalyticsCore in Frameworks */,
				B81B82133060CE5C00D4464A /* FirebaseFunctions in Frameworks */,
				B81B82053060CE5C00D4464A /* FirebaseAuth in Frameworks */,
				B81B82113060CE5C00D4464A /* FirebaseFirestoreCombine-Community in Frameworks */,
			);
			runOnlyForDeploymentPostprocessing = 0;
		};
/* End PBXFrameworksBuildPhase section */

/* Begin PBXGroup section */
		B80595912FFF02310045B9C8 = {
			isa = PBXGroup;
			children = (
				B8E000000000000000000008 /* ForkarEcoWidgetExtension */,
				B805959C2FFF02310045B9C8 /* Forkar */,
				B805959B2FFF02310045B9C8 /* Products */,
			);
			sourceTree = "<group>";
		};
		B805959B2FFF02310045B9C8 /* Products */ = {
			isa = PBXGroup;
			children = (
				B8E00000000000000000000A /* ForkarEcoWidgetExtension.appex */,
				B805959A2FFF02310045B9C8 /* Forkar.app */,
			);
			name = Products;
			sourceTree = "<group>";
		};
/* End PBXGroup section */


/* Begin PBXContainerItemProxy section */
		B8E00000000000000000000C /* PBXContainerItemProxy */ = {
			isa = PBXContainerItemProxy;
			containerPortal = B80595922FFF02310045B9C8 /* Project object */;
			proxyType = 1;
			remoteGlobalIDString = B8E000000000000000000001;
			remoteInfo = ForkarEcoWidgetExtension;
		};
/* End PBXContainerItemProxy section */

/* Begin PBXCopyFilesBuildPhase section */
		B8E00000000000000000000E /* Embed Foundation Extensions */ = {
			isa = PBXCopyFilesBuildPhase;
			buildActionMask = 2147483647;
			dstPath = "";
			dstSubfolderSpec = 13;
			files = (
				B8E00000000000000000000B /* ForkarEcoWidgetExtension.appex in Embed Foundation Extensions */,
			);
			name = "Embed Foundation Extensions";
			runOnlyForDeploymentPostprocessing = 0;
		};
/* End PBXCopyFilesBuildPhase section */

/* Begin PBXTargetDependency section */
		B8E00000000000000000000D /* PBXTargetDependency */ = {
			isa = PBXTargetDependency;
			platformFilter = ios;
			target = B8E000000000000000000001 /* ForkarEcoWidgetExtension */;
			targetProxy = B8E00000000000000000000C /* PBXContainerItemProxy */;
		};
/* End PBXTargetDependency section */
/* Begin PBXNativeTarget section */
		B8E000000000000000000001 /* ForkarEcoWidgetExtension */ = {
			isa = PBXNativeTarget;
			buildConfigurationList = B8E000000000000000000002 /* Build configuration list for PBXNativeTarget "ForkarEcoWidgetExtension" */;
			buildPhases = (
				B8E000000000000000000005 /* Sources */,
				B8E000000000000000000006 /* Frameworks */,
				B8E000000000000000000007 /* Resources */,
			);
			buildRules = (
			);
			dependencies = (
			);
			fileSystemSynchronizedGroups = (
				B8E000000000000000000008 /* ForkarEcoWidgetExtension */,
			);
			name = ForkarEcoWidgetExtension;
			productName = ForkarEcoWidgetExtension;
			productReference = B8E00000000000000000000A /* ForkarEcoWidgetExtension.appex */;
			productType = "com.apple.product-type.app-extension";
		};
		B80595992FFF02310045B9C8 /* Forkar */ = {
			isa = PBXNativeTarget;
			buildConfigurationList = B80595A72FFF02330045B9C8 /* Build configuration list for PBXNativeTarget "Forkar" */;
			buildPhases = (
				B80595962FFF02310045B9C8 /* Sources */,
				B80595972FFF02310045B9C8 /* Frameworks */,
				B80595982FFF02310045B9C8 /* Resources */,
				B8E00000000000000000000E /* Embed Foundation Extensions */,
			);
			buildRules = (
			);
			dependencies = (
				B8E00000000000000000000D /* PBXTargetDependency */,
			);
			fileSystemSynchronizedGroups = (
				B805959C2FFF02310045B9C8 /* Forkar */,
			);
			name = Forkar;
			packageProductDependencies = (
				B81B81F63060CE5C00D4464A /* FirebaseAI */,
				B81B81F83060CE5C00D4464A /* FirebaseAILogic */,
				B81B81FA3060CE5C00D4464A /* FirebaseAnalytics */,
				B81B81FC3060CE5C00D4464A /* FirebaseAnalyticsCore */,
				B81B81FE3060CE5C00D4464A /* FirebaseAnalyticsIdentitySupport */,
				B81B82003060CE5C00D4464A /* FirebaseAppCheck */,
				B81B82023060CE5C00D4464A /* FirebaseAppDistribution-Beta */,
				B81B82043060CE5C00D4464A /* FirebaseAuth */,
				B81B82063060CE5C00D4464A /* FirebaseAuthCombine-Community */,
				B81B82083060CE5C00D4464A /* FirebaseCore */,
				B81B820A3060CE5C00D4464A /* FirebaseCrashlytics */,
				B81B820C3060CE5C00D4464A /* FirebaseDatabase */,
				B81B820E3060CE5C00D4464A /* FirebaseFirestore */,
				B81B82103060CE5C00D4464A /* FirebaseFirestoreCombine-Community */,
				B81B82123060CE5C00D4464A /* FirebaseFunctions */,
				B81B82143060CE5C00D4464A /* FirebaseFunctionsCombine-Community */,
				B81B82163060CE5C00D4464A /* FirebaseInAppMessaging-Beta */,
				B81B82183060CE5C00D4464A /* FirebaseInstallations */,
				B81B821A3060CE5C00D4464A /* FirebaseMLModelDownloader */,
				B81B821C3060CE5C00D4464A /* FirebaseMessaging */,
				B81B821E3060CE5C00D4464A /* FirebasePerformance */,
				B81B82203060CE5C00D4464A /* FirebaseRemoteConfig */,
				B81B82223060CE5C00D4464A /* FirebaseStorage */,
				B81B82243060CE5C00D4464A /* FirebaseStorageCombine-Community */,
			);
			productName = Forkar;
			productReference = B805959A2FFF02310045B9C8 /* Forkar.app */;
			productType = "com.apple.product-type.application";
		};
/* End PBXNativeTarget section */

/* Begin PBXProject section */
		B80595922FFF02310045B9C8 /* Project object */ = {
			isa = PBXProject;
			attributes = {
				BuildIndependentTargetsInParallel = 1;
				LastSwiftUpdateCheck = 2650;
				LastUpgradeCheck = 2650;
				TargetAttributes = {
					B8E000000000000000000001 = {
						CreatedOnToolsVersion = 16.0;
					};
					B80595992FFF02310045B9C8 = {
						CreatedOnToolsVersion = 26.5;
					};
				};
			};
			buildConfigurationList = B80595952FFF02310045B9C8 /* Build configuration list for PBXProject "Forkar" */;
			developmentRegion = en;
			hasScannedForEncodings = 0;
			knownRegions = (
				en,
				Base,
			);
			mainGroup = B80595912FFF02310045B9C8;
			minimizedProjectReferenceProxies = 1;
			packageReferences = (
				B81B81F53060CE5C00D4464A /* XCRemoteSwiftPackageReference "firebase-ios-sdk" */,
			);
			preferredProjectObjectVersion = 77;
			productRefGroup = B805959B2FFF02310045B9C8 /* Products */;
			projectDirPath = "";
			projectRoot = "";
			targets = (
				B8E000000000000000000001 /* ForkarEcoWidgetExtension */,
				B80595992FFF02310045B9C8 /* Forkar */,
			);
		};
/* End PBXProject section */

/* Begin PBXResourcesBuildPhase section */
		B8E000000000000000000007 /* Resources */ = {
			isa = PBXResourcesBuildPhase;
			buildActionMask = 2147483647;
			files = (
			);
			runOnlyForDeploymentPostprocessing = 0;
		};
		B80595982FFF02310045B9C8 /* Resources */ = {
			isa = PBXResourcesBuildPhase;
			buildActionMask = 2147483647;
			files = (
			);
			runOnlyForDeploymentPostprocessing = 0;
		};
/* End PBXResourcesBuildPhase section */

/* Begin PBXSourcesBuildPhase section */
		B8E000000000000000000005 /* Sources */ = {
			isa = PBXSourcesBuildPhase;
			buildActionMask = 2147483647;
			files = (
			);
			runOnlyForDeploymentPostprocessing = 0;
		};
		B80595962FFF02310045B9C8 /* Sources */ = {
			isa = PBXSourcesBuildPhase;
			buildActionMask = 2147483647;
			files = (
			);
			runOnlyForDeploymentPostprocessing = 0;
		};
/* End PBXSourcesBuildPhase section */

/* Begin XCBuildConfiguration section */
		B8E000000000000000000003 /* Debug */ = {
			isa = XCBuildConfiguration;
			buildSettings = {
				ASSETCATALOG_COMPILER_GLOBAL_ACCENT_COLOR_NAME = AccentColor;
				CLANG_ANALYZER_NONNULL = YES;
				CLANG_ENABLE_MODULES = YES;
				CODE_SIGN_STYLE = Automatic;
				CURRENT_PROJECT_VERSION = 1;
				DEVELOPMENT_TEAM = 9CBRG74884;
				GENERATE_INFOPLIST_FILE = YES;
				INFOPLIST_FILE = ForkarEcoWidgetExtension/Info.plist;
				INFOPLIST_KEY_CFBundleDisplayName = "Forkar Eco";
				INFOPLIST_KEY_NSExtension_NSExtensionPointIdentifier = "com.apple.widgetkit-extension";
				IPHONEOS_DEPLOYMENT_TARGET = 17.0;
				LD_RUNPATH_SEARCH_PATHS = (
					"$(inherited)",
					"@executable_path/Frameworks",
					"@executable_path/../../Frameworks",
				);
				MARKETING_VERSION = 1.0;
				PRODUCT_BUNDLE_IDENTIFIER = com.cokistudios.Forkar.ForkarEcoWidgetExtension;
				PRODUCT_NAME = "$(TARGET_NAME)";
				REGISTER_APP_GROUPS = YES;
				SKIP_INSTALL = YES;
				SUPPORTED_PLATFORMS = "iphoneos iphonesimulator";
				SWIFT_APPROACHABLE_CONCURRENCY = YES;
				SWIFT_DEFAULT_ACTOR_ISOLATION = MainActor;
				SWIFT_EMIT_LOC_STRINGS = YES;
				SWIFT_VERSION = 5.0;
				TARGETED_DEVICE_FAMILY = 1;
			};
			name = Debug;
		};
		B8E000000000000000000004 /* Release */ = {
			isa = XCBuildConfiguration;
			buildSettings = {
				ASSETCATALOG_COMPILER_GLOBAL_ACCENT_COLOR_NAME = AccentColor;
				CLANG_ANALYZER_NONNULL = YES;
				CLANG_ENABLE_MODULES = YES;
				CODE_SIGN_STYLE = Automatic;
				CURRENT_PROJECT_VERSION = 1;
				DEVELOPMENT_TEAM = 9CBRG74884;
				GENERATE_INFOPLIST_FILE = YES;
				INFOPLIST_FILE = ForkarEcoWidgetExtension/Info.plist;
				INFOPLIST_KEY_CFBundleDisplayName = "Forkar Eco";
				INFOPLIST_KEY_NSExtension_NSExtensionPointIdentifier = "com.apple.widgetkit-extension";
				IPHONEOS_DEPLOYMENT_TARGET = 17.0;
				LD_RUNPATH_SEARCH_PATHS = (
					"$(inherited)",
					"@executable_path/Frameworks",
					"@executable_path/../../Frameworks",
				);
				MARKETING_VERSION = 1.0;
				PRODUCT_BUNDLE_IDENTIFIER = com.cokistudios.Forkar.ForkarEcoWidgetExtension;
				PRODUCT_NAME = "$(TARGET_NAME)";
				REGISTER_APP_GROUPS = YES;
				SKIP_INSTALL = YES;
				SUPPORTED_PLATFORMS = "iphoneos iphonesimulator";
				SWIFT_APPROACHABLE_CONCURRENCY = YES;
				SWIFT_DEFAULT_ACTOR_ISOLATION = MainActor;
				SWIFT_EMIT_LOC_STRINGS = YES;
				SWIFT_VERSION = 5.0;
				TARGETED_DEVICE_FAMILY = 1;
			};
			name = Release;
		};
		B80595A52FFF02330045B9C8 /* Debug */ = {
			isa = XCBuildConfiguration;
			buildSettings = {
				ALWAYS_SEARCH_USER_PATHS = NO;
				ASSETCATALOG_COMPILER_GENERATE_SWIFT_ASSET_SYMBOL_EXTENSIONS = YES;
				CLANG_ANALYZER_NONNULL = YES;
				CLANG_ANALYZER_NUMBER_OBJECT_CONVERSION = YES_AGGRESSIVE;
				CLANG_CXX_LANGUAGE_STANDARD = "gnu++20";
				CLANG_ENABLE_MODULES = YES;
				CLANG_ENABLE_OBJC_ARC = YES;
				CLANG_ENABLE_OBJC_WEAK = YES;
				CLANG_WARN_BLOCK_CAPTURE_AUTORELEASING = YES;
				CLANG_WARN_BOOL_CONVERSION = YES;
				CLANG_WARN_COMMA = YES;
				CLANG_WARN_CONSTANT_CONVERSION = YES;
				CLANG_WARN_DEPRECATED_OBJC_IMPLEMENTATIONS = YES;
				CLANG_WARN_DIRECT_OBJC_ISA_USAGE = YES_ERROR;
				CLANG_WARN_DOCUMENTATION_COMMENTS = YES;
				CLANG_WARN_EMPTY_BODY = YES;
				CLANG_WARN_ENUM_CONVERSION = YES;
				CLANG_WARN_INFINITE_RECURSION = YES;
				CLANG_WARN_INT_CONVERSION = YES;
				CLANG_WARN_NON_LITERAL_NULL_CONVERSION = YES;
				CLANG_WARN_OBJC_IMPLICIT_RETAIN_SELF = YES;
				CLANG_WARN_OBJC_LITERAL_CONVERSION = YES;
				CLANG_WARN_OBJC_ROOT_CLASS = YES_ERROR;
				CLANG_WARN_QUOTED_INCLUDE_IN_FRAMEWORK_HEADER = YES;
				CLANG_WARN_RANGE_LOOP_ANALYSIS = YES;
				CLANG_WARN_STRICT_PROTOTYPES = YES;
				CLANG_WARN_SUSPICIOUS_MOVE = YES;
				CLANG_WARN_UNGUARDED_AVAILABILITY = YES_AGGRESSIVE;
				CLANG_WARN_UNREACHABLE_CODE = YES;
				CLANG_WARN__DUPLICATE_METHOD_MATCH = YES;
				COPY_PHASE_STRIP = NO;
				DEBUG_INFORMATION_FORMAT = dwarf;
				DEVELOPMENT_TEAM = 9CBRG74884;
				ENABLE_STRICT_OBJC_MSGSEND = YES;
				ENABLE_TESTABILITY = YES;
				ENABLE_USER_SCRIPT_SANDBOXING = YES;
				GCC_C_LANGUAGE_STANDARD = gnu17;
				GCC_DYNAMIC_NO_PIC = NO;
				GCC_NO_COMMON_BLOCKS = YES;
				GCC_OPTIMIZATION_LEVEL = 0;
				GCC_PREPROCESSOR_DEFINITIONS = (
					"DEBUG=1",
					"$(inherited)",
				);
				GCC_WARN_64_TO_32_BIT_CONVERSION = YES;
				GCC_WARN_ABOUT_RETURN_TYPE = YES_ERROR;
				GCC_WARN_UNDECLARED_SELECTOR = YES;
				GCC_WARN_UNINITIALIZED_AUTOS = YES_AGGRESSIVE;
				GCC_WARN_UNUSED_FUNCTION = YES;
				GCC_WARN_UNUSED_VARIABLE = YES;
				IPHONEOS_DEPLOYMENT_TARGET = 17.0;
				LOCALIZATION_PREFERS_STRING_CATALOGS = YES;
				MTL_ENABLE_DEBUG_INFO = INCLUDE_SOURCE;
				MTL_FAST_MATH = YES;
				ONLY_ACTIVE_ARCH = YES;
				SDKROOT = iphoneos;
				SWIFT_ACTIVE_COMPILATION_CONDITIONS = "DEBUG $(inherited)";
				SWIFT_OPTIMIZATION_LEVEL = "-Onone";
			};
			name = Debug;
		};
		B80595A62FFF02330045B9C8 /* Release */ = {
			isa = XCBuildConfiguration;
			buildSettings = {
				ALWAYS_SEARCH_USER_PATHS = NO;
				ASSETCATALOG_COMPILER_GENERATE_SWIFT_ASSET_SYMBOL_EXTENSIONS = YES;
				CLANG_ANALYZER_NONNULL = YES;
				CLANG_ANALYZER_NUMBER_OBJECT_CONVERSION = YES_AGGRESSIVE;
				CLANG_CXX_LANGUAGE_STANDARD = "gnu++20";
				CLANG_ENABLE_MODULES = YES;
				CLANG_ENABLE_OBJC_ARC = YES;
				CLANG_ENABLE_OBJC_WEAK = YES;
				CLANG_WARN_BLOCK_CAPTURE_AUTORELEASING = YES;
				CLANG_WARN_BOOL_CONVERSION = YES;
				CLANG_WARN_COMMA = YES;
				CLANG_WARN_CONSTANT_CONVERSION = YES;
				CLANG_WARN_DEPRECATED_OBJC_IMPLEMENTATIONS = YES;
				CLANG_WARN_DIRECT_OBJC_ISA_USAGE = YES_ERROR;
				CLANG_WARN_DOCUMENTATION_COMMENTS = YES;
				CLANG_WARN_EMPTY_BODY = YES;
				CLANG_WARN_ENUM_CONVERSION = YES;
				CLANG_WARN_INFINITE_RECURSION = YES;
				CLANG_WARN_INT_CONVERSION = YES;
				CLANG_WARN_NON_LITERAL_NULL_CONVERSION = YES;
				CLANG_WARN_OBJC_IMPLICIT_RETAIN_SELF = YES;
				CLANG_WARN_OBJC_LITERAL_CONVERSION = YES;
				CLANG_WARN_OBJC_ROOT_CLASS = YES_ERROR;
				CLANG_WARN_QUOTED_INCLUDE_IN_FRAMEWORK_HEADER = YES;
				CLANG_WARN_RANGE_LOOP_ANALYSIS = YES;
				CLANG_WARN_STRICT_PROTOTYPES = YES;
				CLANG_WARN_SUSPICIOUS_MOVE = YES;
				CLANG_WARN_UNGUARDED_AVAILABILITY = YES_AGGRESSIVE;
				CLANG_WARN_UNREACHABLE_CODE = YES;
				CLANG_WARN__DUPLICATE_METHOD_MATCH = YES;
				COPY_PHASE_STRIP = NO;
				DEBUG_INFORMATION_FORMAT = "dwarf-with-dsym";
				DEVELOPMENT_TEAM = 9CBRG74884;
				ENABLE_NS_ASSERTIONS = NO;
				ENABLE_STRICT_OBJC_MSGSEND = YES;
				ENABLE_USER_SCRIPT_SANDBOXING = YES;
				GCC_C_LANGUAGE_STANDARD = gnu17;
				GCC_NO_COMMON_BLOCKS = YES;
				GCC_WARN_64_TO_32_BIT_CONVERSION = YES;
				GCC_WARN_ABOUT_RETURN_TYPE = YES_ERROR;
				GCC_WARN_UNDECLARED_SELECTOR = YES;
				GCC_WARN_UNINITIALIZED_AUTOS = YES_AGGRESSIVE;
				GCC_WARN_UNUSED_FUNCTION = YES;
				GCC_WARN_UNUSED_VARIABLE = YES;
				IPHONEOS_DEPLOYMENT_TARGET = 17.0;
				LOCALIZATION_PREFERS_STRING_CATALOGS = YES;
				MTL_ENABLE_DEBUG_INFO = NO;
				MTL_FAST_MATH = YES;
				SDKROOT = iphoneos;
				SWIFT_COMPILATION_MODE = wholemodule;
				VALIDATE_PRODUCT = YES;
			};
			name = Release;
		};
		B80595A82FFF02330045B9C8 /* Debug */ = {
			isa = XCBuildConfiguration;
			buildSettings = {
				ASSETCATALOG_COMPILER_APPICON_NAME = AppIcon;
				ASSETCATALOG_COMPILER_GLOBAL_ACCENT_COLOR_NAME = AccentColor;
				CODE_SIGN_STYLE = Automatic;
				CURRENT_PROJECT_VERSION = 1;
				DEVELOPMENT_TEAM = 9CBRG74884;
				ENABLE_APP_SANDBOX = YES;
				ENABLE_HARDENED_RUNTIME = YES;
				ENABLE_OUTGOING_NETWORK_CONNECTIONS = YES;
				ENABLE_PREVIEWS = YES;
				GENERATE_INFOPLIST_FILE = YES;
				INFOPLIST_FILE = Forkar/Info.plist;
				INFOPLIST_KEY_UIApplicationSceneManifest_Generation = YES;
				INFOPLIST_KEY_UIApplicationSupportsIndirectInputEvents = YES;
				INFOPLIST_KEY_UILaunchScreen_Generation = YES;
				INFOPLIST_KEY_UISupportedInterfaceOrientations_iPad = "UIInterfaceOrientationPortrait UIInterfaceOrientationPortraitUpsideDown UIInterfaceOrientationLandscapeLeft UIInterfaceOrientationLandscapeRight";
				INFOPLIST_KEY_UISupportedInterfaceOrientations_iPhone = "UIInterfaceOrientationPortrait UIInterfaceOrientationLandscapeLeft UIInterfaceOrientationLandscapeRight";
				LD_RUNPATH_SEARCH_PATHS = (
					"$(inherited)",
					"@executable_path/Frameworks",
				);
				MARKETING_VERSION = 1.0;
				PRODUCT_BUNDLE_IDENTIFIER = com.cokistudios.Forkar;
				PRODUCT_NAME = "$(TARGET_NAME)";
				REGISTER_APP_GROUPS = YES;
				STRING_CATALOG_GENERATE_SYMBOLS = YES;
				SUPPORTED_PLATFORMS = "iphoneos iphonesimulator macosx";
				SUPPORTS_MACCATALYST = NO;
				SWIFT_APPROACHABLE_CONCURRENCY = YES;
				SWIFT_DEFAULT_ACTOR_ISOLATION = MainActor;
				SWIFT_EMIT_LOC_STRINGS = YES;
				SWIFT_UPCOMING_FEATURE_MEMBER_IMPORT_VISIBILITY = YES;
				SWIFT_VERSION = 5.0;
				TARGETED_DEVICE_FAMILY = "1,2";
			};
			name = Debug;
		};
		B80595A92FFF02330045B9C8 /* Release */ = {
			isa = XCBuildConfiguration;
			buildSettings = {
				ASSETCATALOG_COMPILER_APPICON_NAME = AppIcon;
				ASSETCATALOG_COMPILER_GLOBAL_ACCENT_COLOR_NAME = AccentColor;
				CODE_SIGN_STYLE = Automatic;
				CURRENT_PROJECT_VERSION = 1;
				DEVELOPMENT_TEAM = 9CBRG74884;
				ENABLE_APP_SANDBOX = YES;
				ENABLE_HARDENED_RUNTIME = YES;
				ENABLE_OUTGOING_NETWORK_CONNECTIONS = YES;
				ENABLE_PREVIEWS = YES;
				GENERATE_INFOPLIST_FILE = YES;
				INFOPLIST_FILE = Forkar/Info.plist;
				INFOPLIST_KEY_UIApplicationSceneManifest_Generation = YES;
				INFOPLIST_KEY_UIApplicationSupportsIndirectInputEvents = YES;
				INFOPLIST_KEY_UILaunchScreen_Generation = YES;
				INFOPLIST_KEY_UISupportedInterfaceOrientations_iPad = "UIInterfaceOrientationPortrait UIInterfaceOrientationPortraitUpsideDown UIInterfaceOrientationLandscapeLeft UIInterfaceOrientationLandscapeRight";
				INFOPLIST_KEY_UISupportedInterfaceOrientations_iPhone = "UIInterfaceOrientationPortrait UIInterfaceOrientationLandscapeLeft UIInterfaceOrientationLandscapeRight";
				LD_RUNPATH_SEARCH_PATHS = (
					"$(inherited)",
					"@executable_path/Frameworks",
				);
				MARKETING_VERSION = 1.0;
				PRODUCT_BUNDLE_IDENTIFIER = com.cokistudios.Forkar;
				PRODUCT_NAME = "$(TARGET_NAME)";
				REGISTER_APP_GROUPS = YES;
				STRING_CATALOG_GENERATE_SYMBOLS = YES;
				SUPPORTED_PLATFORMS = "iphoneos iphonesimulator macosx";
				SUPPORTS_MACCATALYST = NO;
				SWIFT_APPROACHABLE_CONCURRENCY = YES;
				SWIFT_DEFAULT_ACTOR_ISOLATION = MainActor;
				SWIFT_EMIT_LOC_STRINGS = YES;
				SWIFT_UPCOMING_FEATURE_MEMBER_IMPORT_VISIBILITY = YES;
				SWIFT_VERSION = 5.0;
				TARGETED_DEVICE_FAMILY = "1,2";
			};
			name = Release;
		};
/* End XCBuildConfiguration section */

/* Begin XCConfigurationList section */
		B8E000000000000000000002 /* Build configuration list for PBXNativeTarget "ForkarEcoWidgetExtension" */ = {
			isa = XCConfigurationList;
			buildConfigurations = (
				B8E000000000000000000003 /* Debug */,
				B8E000000000000000000004 /* Release */,
			);
			defaultConfigurationIsVisible = 0;
			defaultConfigurationName = Release;
		};
		B80595952FFF02310045B9C8 /* Build configuration list for PBXProject "Forkar" */ = {
			isa = XCConfigurationList;
			buildConfigurations = (
				B80595A52FFF02330045B9C8 /* Debug */,
				B80595A62FFF02330045B9C8 /* Release */,
			);
			defaultConfigurationIsVisible = 0;
			defaultConfigurationName = Release;
		};
		B80595A72FFF02330045B9C8 /* Build configuration list for PBXNativeTarget "Forkar" */ = {
			isa = XCConfigurationList;
			buildConfigurations = (
				B80595A82FFF02330045B9C8 /* Debug */,
				B80595A92FFF02330045B9C8 /* Release */,
			);
			defaultConfigurationIsVisible = 0;
			defaultConfigurationName = Release;
		};
/* End XCConfigurationList section */

/* Begin XCRemoteSwiftPackageReference section */
		B81B81F53060CE5C00D4464A /* XCRemoteSwiftPackageReference "firebase-ios-sdk" */ = {
			isa = XCRemoteSwiftPackageReference;
			repositoryURL = "https://github.com/firebase/firebase-ios-sdk";
			requirement = {
				kind = upToNextMajorVersion;
				minimumVersion = 12.19.2;
			};
		};
/* End XCRemoteSwiftPackageReference section */

/* Begin XCSwiftPackageProductDependency section */
		B81B81F63060CE5C00D4464A /* FirebaseAI */ = {
			isa = XCSwiftPackageProductDependency;
			package = B81B81F53060CE5C00D4464A /* XCRemoteSwiftPackageReference "firebase-ios-sdk" */;
			productName = FirebaseAI;
		};
		B81B81F83060CE5C00D4464A /* FirebaseAILogic */ = {
			isa = XCSwiftPackageProductDependency;
			package = B81B81F53060CE5C00D4464A /* XCRemoteSwiftPackageReference "firebase-ios-sdk" */;
			productName = FirebaseAILogic;
		};
		B81B81FA3060CE5C00D4464A /* FirebaseAnalytics */ = {
			isa = XCSwiftPackageProductDependency;
			package = B81B81F53060CE5C00D4464A /* XCRemoteSwiftPackageReference "firebase-ios-sdk" */;
			productName = FirebaseAnalytics;
		};
		B81B81FC3060CE5C00D4464A /* FirebaseAnalyticsCore */ = {
			isa = XCSwiftPackageProductDependency;
			package = B81B81F53060CE5C00D4464A /* XCRemoteSwiftPackageReference "firebase-ios-sdk" */;
			productName = FirebaseAnalyticsCore;
		};
		B81B81FE3060CE5C00D4464A /* FirebaseAnalyticsIdentitySupport */ = {
			isa = XCSwiftPackageProductDependency;
			package = B81B81F53060CE5C00D4464A /* XCRemoteSwiftPackageReference "firebase-ios-sdk" */;
			productName = FirebaseAnalyticsIdentitySupport;
		};
		B81B82003060CE5C00D4464A /* FirebaseAppCheck */ = {
			isa = XCSwiftPackageProductDependency;
			package = B81B81F53060CE5C00D4464A /* XCRemoteSwiftPackageReference "firebase-ios-sdk" */;
			productName = FirebaseAppCheck;
		};
		B81B82023060CE5C00D4464A /* FirebaseAppDistribution-Beta */ = {
			isa = XCSwiftPackageProductDependency;
			package = B81B81F53060CE5C00D4464A /* XCRemoteSwiftPackageReference "firebase-ios-sdk" */;
			productName = "FirebaseAppDistribution-Beta";
		};
		B81B82043060CE5C00D4464A /* FirebaseAuth */ = {
			isa = XCSwiftPackageProductDependency;
			package = B81B81F53060CE5C00D4464A /* XCRemoteSwiftPackageReference "firebase-ios-sdk" */;
			productName = FirebaseAuth;
		};
		B81B82063060CE5C00D4464A /* FirebaseAuthCombine-Community */ = {
			isa = XCSwiftPackageProductDependency;
			package = B81B81F53060CE5C00D4464A /* XCRemoteSwiftPackageReference "firebase-ios-sdk" */;
			productName = "FirebaseAuthCombine-Community";
		};
		B81B82083060CE5C00D4464A /* FirebaseCore */ = {
			isa = XCSwiftPackageProductDependency;
			package = B81B81F53060CE5C00D4464A /* XCRemoteSwiftPackageReference "firebase-ios-sdk" */;
			productName = FirebaseCore;
		};
		B81B820A3060CE5C00D4464A /* FirebaseCrashlytics */ = {
			isa = XCSwiftPackageProductDependency;
			package = B81B81F53060CE5C00D4464A /* XCRemoteSwiftPackageReference "firebase-ios-sdk" */;
			productName = FirebaseCrashlytics;
		};
		B81B820C3060CE5C00D4464A /* FirebaseDatabase */ = {
			isa = XCSwiftPackageProductDependency;
			package = B81B81F53060CE5C00D4464A /* XCRemoteSwiftPackageReference "firebase-ios-sdk" */;
			productName = FirebaseDatabase;
		};
		B81B820E3060CE5C00D4464A /* FirebaseFirestore */ = {
			isa = XCSwiftPackageProductDependency;
			package = B81B81F53060CE5C00D4464A /* XCRemoteSwiftPackageReference "firebase-ios-sdk" */;
			productName = FirebaseFirestore;
		};
		B81B82103060CE5C00D4464A /* FirebaseFirestoreCombine-Community */ = {
			isa = XCSwiftPackageProductDependency;
			package = B81B81F53060CE5C00D4464A /* XCRemoteSwiftPackageReference "firebase-ios-sdk" */;
			productName = "FirebaseFirestoreCombine-Community";
		};
		B81B82123060CE5C00D4464A /* FirebaseFunctions */ = {
			isa = XCSwiftPackageProductDependency;
			package = B81B81F53060CE5C00D4464A /* XCRemoteSwiftPackageReference "firebase-ios-sdk" */;
			productName = FirebaseFunctions;
		};
		B81B82143060CE5C00D4464A /* FirebaseFunctionsCombine-Community */ = {
			isa = XCSwiftPackageProductDependency;
			package = B81B81F53060CE5C00D4464A /* XCRemoteSwiftPackageReference "firebase-ios-sdk" */;
			productName = "FirebaseFunctionsCombine-Community";
		};
		B81B82163060CE5C00D4464A /* FirebaseInAppMessaging-Beta */ = {
			isa = XCSwiftPackageProductDependency;
			package = B81B81F53060CE5C00D4464A /* XCRemoteSwiftPackageReference "firebase-ios-sdk" */;
			productName = "FirebaseInAppMessaging-Beta";
		};
		B81B82183060CE5C00D4464A /* FirebaseInstallations */ = {
			isa = XCSwiftPackageProductDependency;
			package = B81B81F53060CE5C00D4464A /* XCRemoteSwiftPackageReference "firebase-ios-sdk" */;
			productName = FirebaseInstallations;
		};
		B81B821A3060CE5C00D4464A /* FirebaseMLModelDownloader */ = {
			isa = XCSwiftPackageProductDependency;
			package = B81B81F53060CE5C00D4464A /* XCRemoteSwiftPackageReference "firebase-ios-sdk" */;
			productName = FirebaseMLModelDownloader;
		};
		B81B821C3060CE5C00D4464A /* FirebaseMessaging */ = {
			isa = XCSwiftPackageProductDependency;
			package = B81B81F53060CE5C00D4464A /* XCRemoteSwiftPackageReference "firebase-ios-sdk" */;
			productName = FirebaseMessaging;
		};
		B81B821E3060CE5C00D4464A /* FirebasePerformance */ = {
			isa = XCSwiftPackageProductDependency;
			package = B81B81F53060CE5C00D4464A /* XCRemoteSwiftPackageReference "firebase-ios-sdk" */;
			productName = FirebasePerformance;
		};
		B81B82203060CE5C00D4464A /* FirebaseRemoteConfig */ = {
			isa = XCSwiftPackageProductDependency;
			package = B81B81F53060CE5C00D4464A /* XCRemoteSwiftPackageReference "firebase-ios-sdk" */;
			productName = FirebaseRemoteConfig;
		};
		B81B82223060CE5C00D4464A /* FirebaseStorage */ = {
			isa = XCSwiftPackageProductDependency;
			package = B81B81F53060CE5C00D4464A /* XCRemoteSwiftPackageReference "firebase-ios-sdk" */;
			productName = FirebaseStorage;
		};
		B81B82243060CE5C00D4464A /* FirebaseStorageCombine-Community */ = {
			isa = XCSwiftPackageProductDependency;
			package = B81B81F53060CE5C00D4464A /* XCRemoteSwiftPackageReference "firebase-ios-sdk" */;
			productName = "FirebaseStorageCombine-Community";
		};
/* End XCSwiftPackageProductDependency section */
	};
	rootObject = B80595922FFF02310045B9C8 /* Project object */;
}
