// !$*UTF8*$!
{
	archiveVersion = 1;
	classes = {
	};
	objectVersion = 56;
	objects = {

/* Begin PBXBuildFile section */
		B840ADAD83B908CD64B2A462 /* ShineMapsApp.swift in Sources */ = {isa = PBXBuildFile; fileRef = B8FD969CE4E6DA50024AFE5C /* ShineMapsApp.swift */; };
		B8A68F05BC90A940C4D543BB /* ContentView.swift in Sources */ = {isa = PBXBuildFile; fileRef = B8690D250E81574CFAF1AB66 /* ContentView.swift */; };
		B809FF34CD7D737613CC0573 /* LocationAndMapService.swift in Sources */ = {isa = PBXBuildFile; fileRef = B8493A35C2351792F5592779 /* LocationAndMapService.swift */; };
		B859C920217186339A5FCB55 /* Models.swift in Sources */ = {isa = PBXBuildFile; fileRef = B85A8FAA153CE450624D4F20 /* Models.swift */; };
		B888AFB3BEF6BC8F08EB2C4B /* ShineMapsTheme.swift in Sources */ = {isa = PBXBuildFile; fileRef = B8689B9680AB7C7DABCCC6D3 /* ShineMapsTheme.swift */; };
		B8653C9E662664D788443793 /* CSIDManager.swift in Sources */ = {isa = PBXBuildFile; fileRef = B8D1F64A387676D50B69318F /* CSIDManager.swift */; };
		B8C2EC3A8E71EDDCBED81F6F /* CSIDAuthViews.swift in Sources */ = {isa = PBXBuildFile; fileRef = B87A84116EB15B019840AC31 /* CSIDAuthViews.swift */; };
		B850D44F790C8C94847FF883 /* CarPlaySceneDelegate.swift in Sources */ = {isa = PBXBuildFile; fileRef = B81BC1D40360EA19F31F5B9B /* CarPlaySceneDelegate.swift */; };
/* End PBXBuildFile section */

/* Begin PBXFileReference section */
		B8BD54D6553C728CF0A931ED /* ShineMaps.app */ = {isa = PBXFileReference; explicitFileType = wrapper.application; includeInIndex = 0; path = ShineMaps.app; sourceTree = BUILT_PRODUCTS_DIR; };
		B8FD969CE4E6DA50024AFE5C /* ShineMapsApp.swift */ = {isa = PBXFileReference; lastKnownFileType = sourcecode.swift; path = "ShineMapsApp.swift"; sourceTree = "<group>"; };
		B8690D250E81574CFAF1AB66 /* ContentView.swift */ = {isa = PBXFileReference; lastKnownFileType = sourcecode.swift; path = "ContentView.swift"; sourceTree = "<group>"; };
		B8493A35C2351792F5592779 /* LocationAndMapService.swift */ = {isa = PBXFileReference; lastKnownFileType = sourcecode.swift; path = "LocationAndMapService.swift"; sourceTree = "<group>"; };
		B85A8FAA153CE450624D4F20 /* Models.swift */ = {isa = PBXFileReference; lastKnownFileType = sourcecode.swift; path = "Models.swift"; sourceTree = "<group>"; };
		B8689B9680AB7C7DABCCC6D3 /* ShineMapsTheme.swift */ = {isa = PBXFileReference; lastKnownFileType = sourcecode.swift; path = "ShineMapsTheme.swift"; sourceTree = "<group>"; };
		B8D1F64A387676D50B69318F /* CSIDManager.swift */ = {isa = PBXFileReference; lastKnownFileType = sourcecode.swift; path = "CSIDManager.swift"; sourceTree = "<group>"; };
		B87A84116EB15B019840AC31 /* CSIDAuthViews.swift */ = {isa = PBXFileReference; lastKnownFileType = sourcecode.swift; path = "CSIDAuthViews.swift"; sourceTree = "<group>"; };
		B81BC1D40360EA19F31F5B9B /* CarPlaySceneDelegate.swift */ = {isa = PBXFileReference; lastKnownFileType = sourcecode.swift; path = "CarPlaySceneDelegate.swift"; sourceTree = "<group>"; };
		B8B0F2065157817A83F04B57 /* Info.plist */ = {isa = PBXFileReference; lastKnownFileType = text.plist.xml; path = "Info.plist"; sourceTree = "<group>"; };
		B8A6FB19948678B6C97AA5FF /* README.md */ = {isa = PBXFileReference; lastKnownFileType = net.daringfireball.markdown; path = "README.md"; sourceTree = "<group>"; };
/* End PBXFileReference section */

/* Begin PBXFrameworksBuildPhase section */
		B8A9E872B0C4F3AB11D258C3 /* Frameworks */ = {
			isa = PBXFrameworksBuildPhase;
			buildActionMask = 2147483647;
			files = (
			);
			runOnlyForDeploymentPostprocessing = 0;
		};
/* End PBXFrameworksBuildPhase section */

/* Begin PBXGroup section */
		B8E9342699A65D8011A1CBCA = {
			isa = PBXGroup;
			children = (
				B8FD969CE4E6DA50024AFE5C /* ShineMapsApp.swift */,
				B8690D250E81574CFAF1AB66 /* ContentView.swift */,
				B8493A35C2351792F5592779 /* LocationAndMapService.swift */,
				B85A8FAA153CE450624D4F20 /* Models.swift */,
				B8689B9680AB7C7DABCCC6D3 /* ShineMapsTheme.swift */,
				B8D1F64A387676D50B69318F /* CSIDManager.swift */,
				B87A84116EB15B019840AC31 /* CSIDAuthViews.swift */,
				B81BC1D40360EA19F31F5B9B /* CarPlaySceneDelegate.swift */,
				B8B0F2065157817A83F04B57 /* Info.plist */,
				B8A6FB19948678B6C97AA5FF /* README.md */,
				B80B8536557FEB21A0EFA66E /* Products */,
			);
			sourceTree = "<group>";
		};
		B80B8536557FEB21A0EFA66E /* Products */ = {
			isa = PBXGroup;
			children = (
				B8BD54D6553C728CF0A931ED /* ShineMaps.app */,
			);
			name = Products;
			sourceTree = "<group>";
		};
/* End PBXGroup section */

/* Begin PBXNativeTarget section */
		B8730950AD798A77AD508AA9 /* ShineMaps */ = {
			isa = PBXNativeTarget;
			buildConfigurationList = B81BD8AF6241EA4D2BCB89A8 /* Build configuration list for PBXNativeTarget "ShineMaps" */;
			buildPhases = (
				B87EE609159AC086BAB15FF9 /* Sources */,
				B8A9E872B0C4F3AB11D258C3 /* Frameworks */,
				B8A2892AFC2D88060C0AA913 /* Resources */,
			);
			buildRules = (
			);
			dependencies = (
			);
			name = ShineMaps;
			productName = ShineMaps;
			productReference = B8BD54D6553C728CF0A931ED /* ShineMaps.app */;
			productType = "com.apple.product-type.application";
		};
/* End PBXNativeTarget section */

/* Begin PBXProject section */
		B81781F676DEDF5767F3243D /* Project object */ = {
			isa = PBXProject;
			attributes = {
				BuildIndependentTargetsInParallel = 1;
				LastUpgradeCheck = 1500;
				TargetAttributes = {
					B8730950AD798A77AD508AA9 = {
						CreatedOnToolsVersion = 15.0;
					};
				};
			};
			buildConfigurationList = B8312AEC4A30A709044C1B25 /* Build configuration list for PBXProject "ShineMaps" */;
			compatibilityVersion = "Xcode 14.0";
			developmentRegion = es;
			hasScannedForEncodings = 0;
			knownRegions = (
				es,
				en,
				Base,
			);
			mainGroup = B8E9342699A65D8011A1CBCA;
			productRefGroup = B80B8536557FEB21A0EFA66E /* Products */;
			projectDirPath = "";
			projectRoot = "";
			targets = (
				B8730950AD798A77AD508AA9 /* ShineMaps */,
			);
		};
/* End PBXProject section */

/* Begin PBXResourcesBuildPhase section */
		B8A2892AFC2D88060C0AA913 /* Resources */ = {
			isa = PBXResourcesBuildPhase;
			buildActionMask = 2147483647;
			files = (
			);
			runOnlyForDeploymentPostprocessing = 0;
		};
/* End PBXResourcesBuildPhase section */

/* Begin PBXSourcesBuildPhase section */
		B87EE609159AC086BAB15FF9 /* Sources */ = {
			isa = PBXSourcesBuildPhase;
			buildActionMask = 2147483647;
			files = (
				B840ADAD83B908CD64B2A462 /* ShineMapsApp.swift in Sources */,
				B8A68F05BC90A940C4D543BB /* ContentView.swift in Sources */,
				B809FF34CD7D737613CC0573 /* LocationAndMapService.swift in Sources */,
				B859C920217186339A5FCB55 /* Models.swift in Sources */,
				B888AFB3BEF6BC8F08EB2C4B /* ShineMapsTheme.swift in Sources */,
				B8653C9E662664D788443793 /* CSIDManager.swift in Sources */,
				B8C2EC3A8E71EDDCBED81F6F /* CSIDAuthViews.swift in Sources */,
				B850D44F790C8C94847FF883 /* CarPlaySceneDelegate.swift in Sources */,
			);
			runOnlyForDeploymentPostprocessing = 0;
		};
/* End PBXSourcesBuildPhase section */

/* Begin XCBuildConfiguration section */
		B8B21FEA8B361C5074C004CF /* Debug */ = {
			isa = XCBuildConfiguration;
			buildSettings = {
				ALWAYS_SEARCH_USER_PATHS = NO;
				CLANG_ANALYZER_NONNULL = YES;
				CLANG_CXX_LANGUAGE_STANDARD = "gnu++20";
				CLANG_ENABLE_MODULES = YES;
				CLANG_ENABLE_OBJC_ARC = YES;
				COPY_PHASE_STRIP = NO;
				DEBUG_INFORMATION_FORMAT = dwarf;
				ENABLE_STRICT_OBJC_MSGSEND = YES;
				ENABLE_TESTABILITY = YES;
				GCC_C_LANGUAGE_STANDARD = gnu17;
				GCC_DYNAMIC_NO_PIC = NO;
				GCC_OPTIMIZATION_LEVEL = 0;
				GCC_PREPROCESSOR_DEFINITIONS = (
					"DEBUG=1",
					"$(inherited)",
				);
				IPHONEOS_DEPLOYMENT_TARGET = 17.0;
				MTL_ENABLE_DEBUG_INFO = INCLUDE_SOURCE;
				ONLY_ACTIVE_ARCH = YES;
				SDKROOT = iphoneos;
				SWIFT_ACTIVE_COMPILATION_CONDITIONS = "DEBUG $(inherited)";
				SWIFT_OPTIMIZATION_LEVEL = "-Onone";
			};
			name = Debug;
		};
		B88E292DFB9EE8E9971CDBFC /* Release */ = {
			isa = XCBuildConfiguration;
			buildSettings = {
				ALWAYS_SEARCH_USER_PATHS = NO;
				CLANG_ANALYZER_NONNULL = YES;
				CLANG_CXX_LANGUAGE_STANDARD = "gnu++20";
				CLANG_ENABLE_MODULES = YES;
				CLANG_ENABLE_OBJC_ARC = YES;
				COPY_PHASE_STRIP = NO;
				DEBUG_INFORMATION_FORMAT = "dwarf-with-dsym";
				ENABLE_NS_ASSERTIONS = NO;
				ENABLE_STRICT_OBJC_MSGSEND = YES;
				GCC_C_LANGUAGE_STANDARD = gnu17;
				IPHONEOS_DEPLOYMENT_TARGET = 17.0;
				MTL_ENABLE_DEBUG_INFO = NO;
				SDKROOT = iphoneos;
				SWIFT_COMPILATION_MODE = wholemodule;
			};
			name = Release;
		};
		B8BF4B2DC1233899DE8D2EC6 /* Debug */ = {
			isa = XCBuildConfiguration;
			buildSettings = {
				CODE_SIGN_STYLE = Automatic;
				CURRENT_PROJECT_VERSION = 1;
				DEVELOPMENT_TEAM = 9CBRG74884;
				GENERATE_INFOPLIST_FILE = NO;
				INFOPLIST_FILE = Info.plist;
				LD_RUNPATH_SEARCH_PATHS = (
					"$(inherited)",
					"@executable_path/Frameworks",
				);
				MARKETING_VERSION = 1.0.0;
				PRODUCT_BUNDLE_IDENTIFIER = com.cokistudios.shinemaps;
				PRODUCT_NAME = "$(TARGET_NAME)";
				SWIFT_VERSION = 5.0;
				TARGETED_DEVICE_FAMILY = "1,2";
			};
			name = Debug;
		};
		B89CE39D1FA58E3422FA9594 /* Release */ = {
			isa = XCBuildConfiguration;
			buildSettings = {
				CODE_SIGN_STYLE = Automatic;
				CURRENT_PROJECT_VERSION = 1;
				DEVELOPMENT_TEAM = 9CBRG74884;
				GENERATE_INFOPLIST_FILE = NO;
				INFOPLIST_FILE = Info.plist;
				LD_RUNPATH_SEARCH_PATHS = (
					"$(inherited)",
					"@executable_path/Frameworks",
				);
				MARKETING_VERSION = 1.0.0;
				PRODUCT_BUNDLE_IDENTIFIER = com.cokistudios.shinemaps;
				PRODUCT_NAME = "$(TARGET_NAME)";
				SWIFT_VERSION = 5.0;
				TARGETED_DEVICE_FAMILY = "1,2";
			};
			name = Release;
		};
/* End XCBuildConfiguration section */

/* Begin XCConfigurationList section */
		B8312AEC4A30A709044C1B25 /* Build configuration list for PBXProject "ShineMaps" */ = {
			isa = XCConfigurationList;
			buildConfigurations = (
				B8B21FEA8B361C5074C004CF /* Debug */,
				B88E292DFB9EE8E9971CDBFC /* Release */,
			);
			defaultConfigurationIsVisible = 0;
			defaultConfigurationName = Release;
		};
		B81BD8AF6241EA4D2BCB89A8 /* Build configuration list for PBXNativeTarget "ShineMaps" */ = {
			isa = XCConfigurationList;
			buildConfigurations = (
				B8BF4B2DC1233899DE8D2EC6 /* Debug */,
				B89CE39D1FA58E3422FA9594 /* Release */,
			);
			defaultConfigurationIsVisible = 0;
			defaultConfigurationName = Release;
		};
/* End XCConfigurationList section */
	};
	rootObject = B81781F676DEDF5767F3243D /* Project object */;
}
